// !$*UTF8*$!
{
	archiveVersion = 1;
	classes = {
	};
	objectVersion = 56;
	objects = {

/* Begin PBXBuildFile section */
		A01140B72AABB33000FA08FC /* User.swift in Sources */ = {isa = PBXBuildFile; fileRef = A01140B62AABB33000FA08FC /* User.swift */; };
		A01140BA2AAC803A00FA08FC /* FriendsListView.swift in Sources */ = {isa = PBXBuildFile; fileRef = A01140B92AAC803A00FA08FC /* FriendsListView.swift */; };
		A01140BD2AAC849D00FA08FC /* IntroductionView.swift in Sources */ = {isa = PBXBuildFile; fileRef = A01140BC2AAC849D00FA08FC /* IntroductionView.swift */; };
		A01140BF2AAC84B200FA08FC /* FriendsListItem.swift in Sources */ = {isa = PBXBuildFile; fileRef = A01140BE2AAC84B200FA08FC /* FriendsListItem.swift */; };
		A01140C22AAE0EBF00FA08FC /* MainPageView.swift in Sources */ = {isa = PBXBuildFile; fileRef = A01140C12AAE0EBF00FA08FC /* MainPageView.swift */; };
		A01140C42AAE113200FA08FC /* AppToolbar.swift in Sources */ = {isa = PBXBuildFile; fileRef = A01140C32AAE113200FA08FC /* AppToolbar.swift */; };
		A01140C72AAE143900FA08FC /* RadioButtonQuestion.swift in Sources */ = {isa = PBXBuildFile; fileRef = A01140C62AAE143900FA08FC /* RadioButtonQuestion.swift */; };
		A01140C92AAE17BF00FA08FC /* SliderQuestion.swift in Sources */ = {isa = PBXBuildFile; fileRef = A01140C82AAE17BF00FA08FC /* SliderQuestion.swift */; };
		A01140CC2AAE1E2200FA08FC /* QuizView.swift in Sources */ = {isa = PBXBuildFile; fileRef = A01140CB2AAE1E2200FA08FC /* QuizView.swift */; };
		A01140CE2AAE1E5100FA08FC /* QuestionModel.swift in Sources */ = {isa = PBXBuildFile; fileRef = A01140CD2AAE1E5100FA08FC /* QuestionModel.swift */; };
		A01C92CD2B16807D00572C97 /* CharmanderModel.swift in Sources */ = {isa = PBXBuildFile; fileRef = A01C92CC2B16807D00572C97 /* CharmanderModel.swift */; };
		A01C92CF2B1681ED00572C97 /* ChangePet.swift in Sources */ = {isa = PBXBuildFile; fileRef = A01C92CE2B1681ED00572C97 /* ChangePet.swift */; };
		A01C92D12B16865F00572C97 /* BlastoiseModel.swift in Sources */ = {isa = PBXBuildFile; fileRef = A01C92D02B16865F00572C97 /* BlastoiseModel.swift */; };
		A034A76E2AD99ECB00346776 /* NotificationTimer.swift in Sources */ = {isa = PBXBuildFile; fileRef = A034A76D2AD99ECB00346776 /* NotificationTimer.swift */; };
		A03F2CA52AAB9ABB00032182 /* RegisterPageView.swift in Sources */ = {isa = PBXBuildFile; fileRef = A03F2CA42AAB9ABB00032182 /* RegisterPageView.swift */; };
		A03F2CA72AABA0DE00032182 /* CheckboxToggleStyle.swift in Sources */ = {isa = PBXBuildFile; fileRef = A03F2CA62AABA0DE00032182 /* CheckboxToggleStyle.swift */; };
		A03F2CAB2AABA25800032182 /* SettingsPageView.swift in Sources */ = {isa = PBXBuildFile; fileRef = A03F2CAA2AABA25800032182 /* SettingsPageView.swift */; };
		A04532342ABF534500DEB0D7 /* StartupView.swift in Sources */ = {isa = PBXBuildFile; fileRef = A04532332ABF534500DEB0D7 /* StartupView.swift */; };
		A061F15C2A994124002BC536 /* MindTrackApp.swift in Sources */ = {isa = PBXBuildFile; fileRef = A061F15B2A994124002BC536 /* MindTrackApp.swift */; };
		A061F1602A994125002BC536 /* Assets.xcassets in Resources */ = {isa = PBXBuildFile; fileRef = A061F15F2A994125002BC536 /* Assets.xcassets */; };
		A061F1632A994125002BC536 /* Preview Assets.xcassets in Resources */ = {isa = PBXBuildFile; fileRef = A061F1622A994125002BC536 /* Preview Assets.xcassets */; };
		A061F16D2A994125002BC536 /* MindTrackTests.swift in Sources */ = {isa = PBXBuildFile; fileRef = A061F16C2A994125002BC536 /* MindTrackTests.swift */; };
		A061F1772A994125002BC536 /* MindTrackUITests.swift in Sources */ = {isa = PBXBuildFile; fileRef = A061F1762A994125002BC536 /* MindTrackUITests.swift */; };
		A061F1792A994125002BC536 /* MindTrackUITestsLaunchTests.swift in Sources */ = {isa = PBXBuildFile; fileRef = A061F1782A994125002BC536 /* MindTrackUITestsLaunchTests.swift */; };
		A064FCB32AD5C89A009B4911 /* QuestionViewModel.swift in Sources */ = {isa = PBXBuildFile; fileRef = A064FCB22AD5C89A009B4911 /* QuestionViewModel.swift */; };
		A08664DC2AD6A994005B7CA3 /* PikachuModel.swift in Sources */ = {isa = PBXBuildFile; fileRef = A08664DB2AD6A994005B7CA3 /* PikachuModel.swift */; };
		A0A2C3502AAB35AD00B40487 /* LandingPageView.swift in Sources */ = {isa = PBXBuildFile; fileRef = A0A2C34F2AAB35AD00B40487 /* LandingPageView.swift */; };
		A0A2C3562AAB3DA400B40487 /* LoginPageView.swift in Sources */ = {isa = PBXBuildFile; fileRef = A0A2C3552AAB3DA400B40487 /* LoginPageView.swift */; };
		A0A2C35A2AAB3DC300B40487 /* Big Blue Button.swift in Sources */ = {isa = PBXBuildFile; fileRef = A0A2C3592AAB3DC300B40487 /* Big Blue Button.swift */; };
		A0A2C35E2AAB5A0700B40487 /* CustomTextFields.swift in Sources */ = {isa = PBXBuildFile; fileRef = A0A2C35D2AAB5A0700B40487 /* CustomTextFields.swift */; };
		A0E369E62B3300A10029FD31 /* addFriend.swift in Sources */ = {isa = PBXBuildFile; fileRef = A0E369E52B3300A10029FD31 /* addFriend.swift */; };
		A0E369E82B3303B00029FD31 /* FriendModel.swift in Sources */ = {isa = PBXBuildFile; fileRef = A0E369E72B3303B00029FD31 /* FriendModel.swift */; };
/* End PBXBuildFile section */

/* Begin PBXContainerItemProxy section */
		A061F1692A994125002BC536 /* PBXContainerItemProxy */ = {
			isa = PBXContainerItemProxy;
			containerPortal = A061F1502A994124002BC536 /* Project object */;
			proxyType = 1;
			remoteGlobalIDString = A061F1572A994124002BC536;
			remoteInfo = MindTrack;
		};
		A061F1732A994125002BC536 /* PBXContainerItemProxy */ = {
			isa = PBXContainerItemProxy;
			containerPortal = A061F1502A994124002BC536 /* Project object */;
			proxyType = 1;
			remoteGlobalIDString = A061F1572A994124002BC536;
			remoteInfo = MindTrack;
		};
/* End PBXContainerItemProxy section */

/* Begin PBXFileReference section */
		A01140B62AABB33000FA08FC /* User.swift */ = {isa = PBXFileReference; lastKnownFileType = sourcecode.swift; path = User.swift; sourceTree = "<group>"; };
		A01140B92AAC803A00FA08FC /* FriendsListView.swift */ = {isa = PBXFileReference; lastKnownFileType = sourcecode.swift; path = FriendsListView.swift; sourceTree = "<group>"; };
		A01140BC2AAC849D00FA08FC /* IntroductionView.swift */ = {isa = PBXFileReference; lastKnownFileType = sourcecode.swift; path = IntroductionView.swift; sourceTree = "<group>"; };
		A01140BE2AAC84B200FA08FC /* FriendsListItem.swift */ = {isa = PBXFileReference; lastKnownFileType = sourcecode.swift; path = FriendsListItem.swift; sourceTree = "<group>"; };
		A01140C12AAE0EBF00FA08FC /* MainPageView.swift */ = {isa = PBXFileReference; lastKnownFileType = sourcecode.swift; path = MainPageView.swift; sourceTree = "<group>"; };
		A01140C32AAE113200FA08FC /* AppToolbar.swift */ = {isa = PBXFileReference; lastKnownFileType = sourcecode.swift; path = AppToolbar.swift; sourceTree = "<group>"; };
		A01140C62AAE143900FA08FC /* RadioButtonQuestion.swift */ = {isa = PBXFileReference; lastKnownFileType = sourcecode.swift; path = RadioButtonQuestion.swift; sourceTree = "<group>"; };
		A01140C82AAE17BF00FA08FC /* SliderQuestion.swift */ = {isa = PBXFileReference; lastKnownFileType = sourcecode.swift; path = SliderQuestion.swift; sourceTree = "<group>"; };
		A01140CB2AAE1E2200FA08FC /* QuizView.swift */ = {isa = PBXFileReference; lastKnownFileType = sourcecode.swift; path = QuizView.swift; sourceTree = "<group>"; };
		A01140CD2AAE1E5100FA08FC /* QuestionModel.swift */ = {isa = PBXFileReference; lastKnownFileType = sourcecode.swift; path = QuestionModel.swift; sourceTree = "<group>"; };
		A01C92CC2B16807D00572C97 /* CharmanderModel.swift */ = {isa = PBXFileReference; lastKnownFileType = sourcecode.swift; path = CharmanderModel.swift; sourceTree = "<group>"; };
		A01C92CE2B1681ED00572C97 /* ChangePet.swift */ = {isa = PBXFileReference; lastKnownFileType = sourcecode.swift; path = ChangePet.swift; sourceTree = "<group>"; };
		A01C92D02B16865F00572C97 /* BlastoiseModel.swift */ = {isa = PBXFileReference; lastKnownFileType = sourcecode.swift; path = BlastoiseModel.swift; sourceTree = "<group>"; };
		A034A76D2AD99ECB00346776 /* NotificationTimer.swift */ = {isa = PBXFileReference; lastKnownFileType = sourcecode.swift; path = NotificationTimer.swift; sourceTree = "<group>"; };
		A03F2CA42AAB9ABB00032182 /* RegisterPageView.swift */ = {isa = PBXFileReference; lastKnownFileType = sourcecode.swift; path = RegisterPageView.swift; sourceTree = "<group>"; };
		A03F2CA62AABA0DE00032182 /* CheckboxToggleStyle.swift */ = {isa = PBXFileReference; lastKnownFileType = sourcecode.swift; path = CheckboxToggleStyle.swift; sourceTree = "<group>"; };
		A03F2CAA2AABA25800032182 /* SettingsPageView.swift */ = {isa = PBXFileReference; lastKnownFileType = sourcecode.swift; path = SettingsPageView.swift; sourceTree = "<group>"; };
		A04532332ABF534500DEB0D7 /* StartupView.swift */ = {isa = PBXFileReference; lastKnownFileType = sourcecode.swift; path = StartupView.swift; sourceTree = "<group>"; };
		A061F1582A994124002BC536 /* MindTrack.app */ = {isa = PBXFileReference; explicitFileType = wrapper.application; includeInIndex = 0; path = MindTrack.app; sourceTree = BUILT_PRODUCTS_DIR; };
		A061F15B2A994124002BC536 /* MindTrackApp.swift */ = {isa = PBXFileReference; lastKnownFileType = sourcecode.swift; path = MindTrackApp.swift; sourceTree = "<group>"; };
		A061F15F2A994125002BC536 /* Assets.xcassets */ = {isa = PBXFileReference; lastKnownFileType = folder.assetcatalog; path = Assets.xcassets; sourceTree = "<group>"; };
		A061F1622A994125002BC536 /* Preview Assets.xcassets */ = {isa = PBXFileReference; lastKnownFileType = folder.assetcatalog; path = "Preview Assets.xcassets"; sourceTree = "<group>"; };
		A061F1682A994125002BC536 /* MindTrackTests.xctest */ = {isa = PBXFileReference; explicitFileType = wrapper.cfbundle; includeInIndex = 0; path = MindTrackTests.xctest; sourceTree = BUILT_PRODUCTS_DIR; };
		A061F16C2A994125002BC536 /* MindTrackTests.swift */ = {isa = PBXFileReference; lastKnownFileType = sourcecode.swift; path = MindTrackTests.swift; sourceTree = "<group>"; };
		A061F1722A994125002BC536 /* MindTrackUITests.xctest */ = {isa = PBXFileReference; explicitFileType = wrapper.cfbundle; includeInIndex = 0; path = MindTrackUITests.xctest; sourceTree = BUILT_PRODUCTS_DIR; };
		A061F1762A994125002BC536 /* MindTrackUITests.swift */ = {isa = PBXFileReference; lastKnownFileType = sourcecode.swift; path = MindTrackUITests.swift; sourceTree = "<group>"; };
		A061F1782A994125002BC536 /* MindTrackUITestsLaunchTests.swift */ = {isa = PBXFileReference; lastKnownFileType = sourcecode.swift; path = MindTrackUITestsLaunchTests.swift; sourceTree = "<group>"; };
		A064FCB22AD5C89A009B4911 /* QuestionViewModel.swift */ = {isa = PBXFileReference; lastKnownFileType = sourcecode.swift; path = QuestionViewModel.swift; sourceTree = "<group>"; };
		A08664DB2AD6A994005B7CA3 /* PikachuModel.swift */ = {isa = PBXFileReference; lastKnownFileType = sourcecode.swift; path = PikachuModel.swift; sourceTree = "<group>"; };
		A0A2C34F2AAB35AD00B40487 /* LandingPageView.swift */ = {isa = PBXFileReference; lastKnownFileType = sourcecode.swift; path = LandingPageView.swift; sourceTree = "<group>"; };
		A0A2C3552AAB3DA400B40487 /* LoginPageView.swift */ = {isa = PBXFileReference; lastKnownFileType = sourcecode.swift; path = LoginPageView.swift; sourceTree = "<group>"; };
		A0A2C3592AAB3DC300B40487 /* Big Blue Button.swift */ = {isa = PBXFileReference; lastKnownFileType = sourcecode.swift; path = "Big Blue Button.swift"; sourceTree = "<group>"; };
		A0A2C35D2AAB5A0700B40487 /* CustomTextFields.swift */ = {isa = PBXFileReference; lastKnownFileType = sourcecode.swift; path = CustomTextFields.swift; sourceTree = "<group>"; };
		A0E369E52B3300A10029FD31 /* addFriend.swift */ = {isa = PBXFileReference; lastKnownFileType = sourcecode.swift; path = addFriend.swift; sourceTree = "<group>"; };
		A0E369E72B3303B00029FD31 /* FriendModel.swift */ = {isa = PBXFileReference; lastKnownFileType = sourcecode.swift; path = FriendModel.swift; sourceTree = "<group>"; };
/* End PBXFileReference section */

/* Begin PBXFrameworksBuildPhase section */
		A061F1552A994124002BC536 /* Frameworks */ = {
			isa = PBXFrameworksBuildPhase;
			buildActionMask = 2147483647;
			files = (
			);
			runOnlyForDeploymentPostprocessing = 0;
		};
		A061F1652A994125002BC536 /* Frameworks */ = {
			isa = PBXFrameworksBuildPhase;
			buildActionMask = 2147483647;
			files = (
			);
			runOnlyForDeploymentPostprocessing = 0;
		};
		A061F16F2A994125002BC536 /* Frameworks */ = {
			isa = PBXFrameworksBuildPhase;
			buildActionMask = 2147483647;
			files = (
			);
			runOnlyForDeploymentPostprocessing = 0;
		};
/* End PBXFrameworksBuildPhase section */

/* Begin PBXGroup section */
		A01140B52AABB32000FA08FC /* Models */ = {
			isa = PBXGroup;
			children = (
				A08664D92AD6A97C005B7CA3 /* Pet Models */,
				A01140B62AABB33000FA08FC /* User.swift */,
				A01140CD2AAE1E5100FA08FC /* QuestionModel.swift */,
				A0E369E72B3303B00029FD31 /* FriendModel.swift */,
			);
			path = Models;
			sourceTree = "<group>";
		};
		A01140B82AAC802700FA08FC /* FriendsList */ = {
			isa = PBXGroup;
			children = (
				A01140B92AAC803A00FA08FC /* FriendsListView.swift */,
				A0E369E52B3300A10029FD31 /* addFriend.swift */,
			);
			path = FriendsList;
			sourceTree = "<group>";
		};
		A01140BB2AAC847A00FA08FC /* IntroductionPage */ = {
			isa = PBXGroup;
			children = (
				A01140BC2AAC849D00FA08FC /* IntroductionView.swift */,
			);
			path = IntroductionPage;
			sourceTree = "<group>";
		};
		A01140C02AAE0E5700FA08FC /* MainPage */ = {
			isa = PBXGroup;
			children = (
				A01140C12AAE0EBF00FA08FC /* MainPageView.swift */,
			);
			path = MainPage;
			sourceTree = "<group>";
		};
		A01140C52AAE141B00FA08FC /* QuizQuestionTypes */ = {
			isa = PBXGroup;
			children = (
				A01140C62AAE143900FA08FC /* RadioButtonQuestion.swift */,
				A01140C82AAE17BF00FA08FC /* SliderQuestion.swift */,
			);
			path = QuizQuestionTypes;
			sourceTree = "<group>";
		};
		A01140CA2AAE1E0700FA08FC /* QuizPage */ = {
			isa = PBXGroup;
			children = (
				A01140CB2AAE1E2200FA08FC /* QuizView.swift */,
				A064FCB22AD5C89A009B4911 /* QuestionViewModel.swift */,
			);
			path = QuizPage;
			sourceTree = "<group>";
		};
		A03F2CA32AAB9AA800032182 /* RegisterPage */ = {
			isa = PBXGroup;
			children = (
				A03F2CA42AAB9ABB00032182 /* RegisterPageView.swift */,
			);
			path = RegisterPage;
			sourceTree = "<group>";
		};
		A03F2CA82AABA20000032182 /* SettingsPage */ = {
			isa = PBXGroup;
			children = (
				A03F2CAA2AABA25800032182 /* SettingsPageView.swift */,
				A034A76D2AD99ECB00346776 /* NotificationTimer.swift */,
				A01C92CE2B1681ED00572C97 /* ChangePet.swift */,
			);
			path = SettingsPage;
			sourceTree = "<group>";
		};
		A03F2CA92AABA20C00032182 /* Utilities */ = {
			isa = PBXGroup;
			children = (
			);
			path = Utilities;
			sourceTree = "<group>";
		};
		A061F14F2A994124002BC536 = {
			isa = PBXGroup;
			children = (
				A061F15A2A994124002BC536 /* MindTrack */,
				A061F16B2A994125002BC536 /* MindTrackTests */,
				A061F1752A994125002BC536 /* MindTrackUITests */,
				A061F1592A994124002BC536 /* Products */,
			);
			sourceTree = "<group>";
		};
		A061F1592A994124002BC536 /* Products */ = {
			isa = PBXGroup;
			children = (
				A061F1582A994124002BC536 /* MindTrack.app */,
				A061F1682A994125002BC536 /* MindTrackTests.xctest */,
				A061F1722A994125002BC536 /* MindTrackUITests.xctest */,
			);
			name = Products;
			sourceTree = "<group>";
		};
		A061F15A2A994124002BC536 /* MindTrack */ = {
			isa = PBXGroup;
			children = (
				A01140B52AABB32000FA08FC /* Models */,
				A03F2CA92AABA20C00032182 /* Utilities */,
				A0A2C3572AAB3DAE00B40487 /* UIElements */,
				A01140C02AAE0E5700FA08FC /* MainPage */,
				A03F2CA82AABA20000032182 /* SettingsPage */,
				A03F2CA32AAB9AA800032182 /* RegisterPage */,
				A0A2C3542AAB3D9300B40487 /* Login Page */,
				A0A2C34C2AAB358200B40487 /* Landing Page */,
				A01140CA2AAE1E0700FA08FC /* QuizPage */,
				A01140BB2AAC847A00FA08FC /* IntroductionPage */,
				A01140B82AAC802700FA08FC /* FriendsList */,
				A061F1612A994125002BC536 /* Preview Content */,
				A061F15B2A994124002BC536 /* MindTrackApp.swift */,
				A04532332ABF534500DEB0D7 /* StartupView.swift */,
				A061F15F2A994125002BC536 /* Assets.xcassets */,
			);
			path = MindTrack;
			sourceTree = "<group>";
		};
		A061F1612A994125002BC536 /* Preview Content */ = {
			isa = PBXGroup;
			children = (
				A061F1622A994125002BC536 /* Preview Assets.xcassets */,
			);
			path = "Preview Content";
			sourceTree = "<group>";
		};
		A061F16B2A994125002BC536 /* MindTrackTests */ = {
			isa = PBXGroup;
			children = (
				A061F16C2A994125002BC536 /* MindTrackTests.swift */,
			);
			path = MindTrackTests;
			sourceTree = "<group>";
		};
		A061F1752A994125002BC536 /* MindTrackUITests */ = {
			isa = PBXGroup;
			children = (
				A061F1762A994125002BC536 /* MindTrackUITests.swift */,
				A061F1782A994125002BC536 /* MindTrackUITestsLaunchTests.swift */,
			);
			path = MindTrackUITests;
			sourceTree = "<group>";
		};
		A08664D92AD6A97C005B7CA3 /* Pet Models */ = {
			isa = PBXGroup;
			children = (
				A08664DB2AD6A994005B7CA3 /* PikachuModel.swift */,
				A01C92CC2B16807D00572C97 /* CharmanderModel.swift */,
				A01C92D02B16865F00572C97 /* BlastoiseModel.swift */,
			);
			path = "Pet Models";
			sourceTree = "<group>";
		};
		A0A2C34C2AAB358200B40487 /* Landing Page */ = {
			isa = PBXGroup;
			children = (
				A0A2C34F2AAB35AD00B40487 /* LandingPageView.swift */,
			);
			path = "Landing Page";
			sourceTree = "<group>";
		};
		A0A2C3542AAB3D9300B40487 /* Login Page */ = {
			isa = PBXGroup;
			children = (
				A0A2C3552AAB3DA400B40487 /* LoginPageView.swift */,
			);
			path = "Login Page";
			sourceTree = "<group>";
		};
		A0A2C3572AAB3DAE00B40487 /* UIElements */ = {
			isa = PBXGroup;
			children = (
				A01140C52AAE141B00FA08FC /* QuizQuestionTypes */,
				A0A2C3592AAB3DC300B40487 /* Big Blue Button.swift */,
				A0A2C35D2AAB5A0700B40487 /* CustomTextFields.swift */,
				A03F2CA62AABA0DE00032182 /* CheckboxToggleStyle.swift */,
				A01140BE2AAC84B200FA08FC /* FriendsListItem.swift */,
				A01140C32AAE113200FA08FC /* AppToolbar.swift */,
			);
			path = UIElements;
			sourceTree = "<group>";
		};
/* End PBXGroup section */

/* Begin PBXNativeTarget section */
		A061F1572A994124002BC536 /* MindTrack */ = {
			isa = PBXNativeTarget;
			buildConfigurationList = A061F17C2A994125002BC536 /* Build configuration list for PBXNativeTarget "MindTrack" */;
			buildPhases = (
				A061F1542A994124002BC536 /* Sources */,
				A061F1552A994124002BC536 /* Frameworks */,
				A061F1562A994124002BC536 /* Resources */,
			);
			buildRules = (
			);
			dependencies = (
			);
			name = MindTrack;
			productName = MindTrack;
			productReference = A061F1582A994124002BC536 /* MindTrack.app */;
			productType = "com.apple.product-type.application";
		};
		A061F1672A994125002BC536 /* MindTrackTests */ = {
			isa = PBXNativeTarget;
			buildConfigurationList = A061F17F2A994125002BC536 /* Build configuration list for PBXNativeTarget "MindTrackTests" */;
			buildPhases = (
				A061F1642A994125002BC536 /* Sources */,
				A061F1652A994125002BC536 /* Frameworks */,
				A061F1662A994125002BC536 /* Resources */,
			);
			buildRules = (
			);
			dependencies = (
				A061F16A2A994125002BC536 /* PBXTargetDependency */,
			);
			name = MindTrackTests;
			productName = MindTrackTests;
			productReference = A061F1682A994125002BC536 /* MindTrackTests.xctest */;
			productType = "com.apple.product-type.bundle.unit-test";
		};
		A061F1712A994125002BC536 /* MindTrackUITests */ = {
			isa = PBXNativeTarget;
			buildConfigurationList = A061F1822A994125002BC536 /* Build configuration list for PBXNativeTarget "MindTrackUITests" */;
			buildPhases = (
				A061F16E2A994125002BC536 /* Sources */,
				A061F16F2A994125002BC536 /* Frameworks */,
				A061F1702A994125002BC536 /* Resources */,
			);
			buildRules = (
			);
			dependencies = (
				A061F1742A994125002BC536 /* PBXTargetDependency */,
			);
			name = MindTrackUITests;
			productName = MindTrackUITests;
			productReference = A061F1722A994125002BC536 /* MindTrackUITests.xctest */;
			productType = "com.apple.product-type.bundle.ui-testing";
		};
/* End PBXNativeTarget section */

/* Begin PBXProject section */
		A061F1502A994124002BC536 /* Project object */ = {
			isa = PBXProject;
			attributes = {
				BuildIndependentTargetsInParallel = NO;
				LastSwiftUpdateCheck = 1430;
				LastUpgradeCheck = 1430;
				TargetAttributes = {
					A061F1572A994124002BC536 = {
						CreatedOnToolsVersion = 14.3.1;
					};
					A061F1672A994125002BC536 = {
						CreatedOnToolsVersion = 14.3.1;
						TestTargetID = A061F1572A994124002BC536;
					};
					A061F1712A994125002BC536 = {
						CreatedOnToolsVersion = 14.3.1;
						TestTargetID = A061F1572A994124002BC536;
					};
				};
			};
			buildConfigurationList = A061F1532A994124002BC536 /* Build configuration list for PBXProject "MindTrack" */;
			compatibilityVersion = "Xcode 14.0";
			developmentRegion = en;
			hasScannedForEncodings = 0;
			knownRegions = (
				en,
				Base,
			);
			mainGroup = A061F14F2A994124002BC536;
			productRefGroup = A061F1592A994124002BC536 /* Products */;
			projectDirPath = "";
			projectRoot = "";
			targets = (
				A061F1572A994124002BC536 /* MindTrack */,
				A061F1672A994125002BC536 /* MindTrackTests */,
				A061F1712A994125002BC536 /* MindTrackUITests */,
			);
		};
/* End PBXProject section */

/* Begin PBXResourcesBuildPhase section */
		A061F1562A994124002BC536 /* Resources */ = {
			isa = PBXResourcesBuildPhase;
			buildActionMask = 2147483647;
			files = (
				A061F1632A994125002BC536 /* Preview Assets.xcassets in Resources */,
				A061F1602A994125002BC536 /* Assets.xcassets in Resources */,
			);
			runOnlyForDeploymentPostprocessing = 0;
		};
		A061F1662A994125002BC536 /* Resources */ = {
			isa = PBXResourcesBuildPhase;
			buildActionMask = 2147483647;
			files = (
			);
			runOnlyForDeploymentPostprocessing = 0;
		};
		A061F1702A994125002BC536 /* Resources */ = {
			isa = PBXResourcesBuildPhase;
			buildActionMask = 2147483647;
			files = (
			);
			runOnlyForDeploymentPostprocessing = 0;
		};
/* End PBXResourcesBuildPhase section */

/* Begin PBXSourcesBuildPhase section */
		A061F1542A994124002BC536 /* Sources */ = {
			isa = PBXSourcesBuildPhase;
			buildActionMask = 2147483647;
			files = (
				A0A2C3502AAB35AD00B40487 /* LandingPageView.swift in Sources */,
				A0A2C35E2AAB5A0700B40487 /* CustomTextFields.swift in Sources */,
				A064FCB32AD5C89A009B4911 /* QuestionViewModel.swift in Sources */,
				A03F2CAB2AABA25800032182 /* SettingsPageView.swift in Sources */,
				A03F2CA52AAB9ABB00032182 /* RegisterPageView.swift in Sources */,
				A0E369E62B3300A10029FD31 /* addFriend.swift in Sources */,
				A01140BA2AAC803A00FA08FC /* FriendsListView.swift in Sources */,
				A061F15C2A994124002BC536 /* MindTrackApp.swift in Sources */,
				A04532342ABF534500DEB0D7 /* StartupView.swift in Sources */,
				A034A76E2AD99ECB00346776 /* NotificationTimer.swift in Sources */,
				A01140B72AABB33000FA08FC /* User.swift in Sources */,
				A01140C42AAE113200FA08FC /* AppToolbar.swift in Sources */,
				A01140BD2AAC849D00FA08FC /* IntroductionView.swift in Sources */,
				A01C92CD2B16807D00572C97 /* CharmanderModel.swift in Sources */,
				A0A2C35A2AAB3DC300B40487 /* Big Blue Button.swift in Sources */,
				A01140C92AAE17BF00FA08FC /* SliderQuestion.swift in Sources */,
				A0A2C3562AAB3DA400B40487 /* LoginPageView.swift in Sources */,
				A01140C72AAE143900FA08FC /* RadioButtonQuestion.swift in Sources */,
				A01C92CF2B1681ED00572C97 /* ChangePet.swift in Sources */,
				A01140BF2AAC84B200FA08FC /* FriendsListItem.swift in Sources */,
				A03F2CA72AABA0DE00032182 /* CheckboxToggleStyle.swift in Sources */,
				A01140CE2AAE1E5100FA08FC /* QuestionModel.swift in Sources */,
				A0E369E82B3303B00029FD31 /* FriendModel.swift in Sources */,
				A01140CC2AAE1E2200FA08FC /* QuizView.swift in Sources */,
				A01140C22AAE0EBF00FA08FC /* MainPageView.swift in Sources */,
				A01C92D12B16865F00572C97 /* BlastoiseModel.swift in Sources */,
				A08664DC2AD6A994005B7CA3 /* PikachuModel.swift in Sources */,
			);
			runOnlyForDeploymentPostprocessing = 0;
		};
		A061F1642A994125002BC536 /* Sources */ = {
			isa = PBXSourcesBuildPhase;
			buildActionMask = 2147483647;
			files = (
				A061F16D2A994125002BC536 /* MindTrackTests.swift in Sources */,
			);
			runOnlyForDeploymentPostprocessing = 0;
		};
		A061F16E2A994125002BC536 /* Sources */ = {
			isa = PBXSourcesBuildPhase;
			buildActionMask = 2147483647;
			files = (
				A061F1792A994125002BC536 /* MindTrackUITestsLaunchTests.swift in Sources */,
				A061F1772A994125002BC536 /* MindTrackUITests.swift in Sources */,
			);
			runOnlyForDeploymentPostprocessing = 0;
		};
/* End PBXSourcesBuildPhase section */

/* Begin PBXTargetDependency section */
		A061F16A2A994125002BC536 /* PBXTargetDependency */ = {
			isa = PBXTargetDependency;
			target = A061F1572A994124002BC536 /* MindTrack */;
			targetProxy = A061F1692A994125002BC536 /* PBXContainerItemProxy */;
		};
		A061F1742A994125002BC536 /* PBXTargetDependency */ = {
			isa = PBXTargetDependency;
			target = A061F1572A994124002BC536 /* MindTrack */;
			targetProxy = A061F1732A994125002BC536 /* PBXContainerItemProxy */;
		};
/* End PBXTargetDependency section */

/* Begin XCBuildConfiguration section */
		A061F17A2A994125002BC536 /* Debug */ = {
			isa = XCBuildConfiguration;
			buildSettings = {
				ALWAYS_SEARCH_USER_PATHS = NO;
				CLANG_ANALYZER_NONNULL = YES;
				CLANG_ANALYZER_NUMBER_OBJECT_CONVERSION = YES_AGGRESSIVE;
				CLANG_CXX_LANGUAGE_STANDARD = "gnu++20";
				CLANG_ENABLE_MODULES = YES;
				CLANG_ENABLE_OBJC_ARC = YES;
				CLANG_ENABLE_OBJC_WEAK = YES;
				CLANG_WARN_BLOCK_CAPTURE_AUTORELEASING = YES;
				CLANG_WARN_BOOL_CONVERSION = YES;
				CLANG_WARN_COMMA = YES;
				CLANG_WARN_CONSTANT_CONVERSION = YES;
				CLANG_WARN_DEPRECATED_OBJC_IMPLEMENTATIONS = YES;
				CLANG_WARN_DIRECT_OBJC_ISA_USAGE = YES_ERROR;
				CLANG_WARN_DOCUMENTATION_COMMENTS = YES;
				CLANG_WARN_EMPTY_BODY = YES;
				CLANG_WARN_ENUM_CONVERSION = YES;
				CLANG_WARN_INFINITE_RECURSION = YES;
				CLANG_WARN_INT_CONVERSION = YES;
				CLANG_WARN_NON_LITERAL_NULL_CONVERSION = YES;
				CLANG_WARN_OBJC_IMPLICIT_RETAIN_SELF = YES;
				CLANG_WARN_OBJC_LITERAL_CONVERSION = YES;
				CLANG_WARN_OBJC_ROOT_CLASS = YES_ERROR;
				CLANG_WARN_QUOTED_INCLUDE_IN_FRAMEWORK_HEADER = YES;
				CLANG_WARN_RANGE_LOOP_ANALYSIS = YES;
				CLANG_WARN_STRICT_PROTOTYPES = YES;
				CLANG_WARN_SUSPICIOUS_MOVE = YES;
				CLANG_WARN_UNGUARDED_AVAILABILITY = YES_AGGRESSIVE;
				CLANG_WARN_UNREACHABLE_CODE = YES;
				CLANG_WARN__DUPLICATE_METHOD_MATCH = YES;
				COPY_PHASE_STRIP = NO;
				DEBUG_INFORMATION_FORMAT = dwarf;
				ENABLE_STRICT_OBJC_MSGSEND = YES;
				ENABLE_TESTABILITY = YES;
				GCC_C_LANGUAGE_STANDARD = gnu11;
				GCC_DYNAMIC_NO_PIC = NO;
				GCC_NO_COMMON_BLOCKS = YES;
				GCC_OPTIMIZATION_LEVEL = 0;
				GCC_PREPROCESSOR_DEFINITIONS = (
					"DEBUG=1",
					"$(inherited)",
				);
				GCC_WARN_64_TO_32_BIT_CONVERSION = YES;
				GCC_WARN_ABOUT_RETURN_TYPE = YES_ERROR;
				GCC_WARN_UNDECLARED_SELECTOR = YES;
				GCC_WARN_UNINITIALIZED_AUTOS = YES_AGGRESSIVE;
				GCC_WARN_UNUSED_FUNCTION = YES;
				GCC_WARN_UNUSED_VARIABLE = YES;
				IPHONEOS_DEPLOYMENT_TARGET = 16.4;
				MTL_ENABLE_DEBUG_INFO = INCLUDE_SOURCE;
				MTL_FAST_MATH = YES;
				ONLY_ACTIVE_ARCH = YES;
				SDKROOT = iphoneos;
				SWIFT_ACTIVE_COMPILATION_CONDITIONS = DEBUG;
				SWIFT_OPTIMIZATION_LEVEL = "-Onone";
			};
			name = Debug;
		};
		A061F17B2A994125002BC536 /* Release */ = {
			isa = XCBuildConfiguration;
			buildSettings = {
				ALWAYS_SEARCH_USER_PATHS = NO;
				CLANG_ANALYZER_NONNULL = YES;
				CLANG_ANALYZER_NUMBER_OBJECT_CONVERSION = YES_AGGRESSIVE;
				CLANG_CXX_LANGUAGE_STANDARD = "gnu++20";
				CLANG_ENABLE_MODULES = YES;
				CLANG_ENABLE_OBJC_ARC = YES;
				CLANG_ENABLE_OBJC_WEAK = YES;
				CLANG_WARN_BLOCK_CAPTURE_AUTORELEASING = YES;
				CLANG_WARN_BOOL_CONVERSION = YES;
				CLANG_WARN_COMMA = YES;
				CLANG_WARN_CONSTANT_CONVERSION = YES;
				CLANG_WARN_DEPRECATED_OBJC_IMPLEMENTATIONS = YES;
				CLANG_WARN_DIRECT_OBJC_ISA_USAGE = YES_ERROR;
				CLANG_WARN_DOCUMENTATION_COMMENTS = YES;
				CLANG_WARN_EMPTY_BODY = YES;
				CLANG_WARN_ENUM_CONVERSION = YES;
				CLANG_WARN_INFINITE_RECURSION = YES;
				CLANG_WARN_INT_CONVERSION = YES;
				CLANG_WARN_NON_LITERAL_NULL_CONVERSION = YES;
				CLANG_WARN_OBJC_IMPLICIT_RETAIN_SELF = YES;
				CLANG_WARN_OBJC_LITERAL_CONVERSION = YES;
				CLANG_WARN_OBJC_ROOT_CLASS = YES_ERROR;
				CLANG_WARN_QUOTED_INCLUDE_IN_FRAMEWORK_HEADER = YES;
				CLANG_WARN_RANGE_LOOP_ANALYSIS = YES;
				CLANG_WARN_STRICT_PROTOTYPES = YES;
				CLANG_WARN_SUSPICIOUS_MOVE = YES;
				CLANG_WARN_UNGUARDED_AVAILABILITY = YES_AGGRESSIVE;
				CLANG_WARN_UNREACHABLE_CODE = YES;
				CLANG_WARN__DUPLICATE_METHOD_MATCH = YES;
				COPY_PHASE_STRIP = NO;
				DEBUG_INFORMATION_FORMAT = "dwarf-with-dsym";
				ENABLE_NS_ASSERTIONS = NO;
				ENABLE_STRICT_OBJC_MSGSEND = YES;
				GCC_C_LANGUAGE_STANDARD = gnu11;
				GCC_NO_COMMON_BLOCKS = YES;
				GCC_WARN_64_TO_32_BIT_CONVERSION = YES;
				GCC_WARN_ABOUT_RETURN_TYPE = YES_ERROR;
				GCC_WARN_UNDECLARED_SELECTOR = YES;
				GCC_WARN_UNINITIALIZED_AUTOS = YES_AGGRESSIVE;
				GCC_WARN_UNUSED_FUNCTION = YES;
				GCC_WARN_UNUSED_VARIABLE = YES;
				IPHONEOS_DEPLOYMENT_TARGET = 16.4;
				MTL_ENABLE_DEBUG_INFO = NO;
				MTL_FAST_MATH = YES;
				SDKROOT = iphoneos;
				SWIFT_COMPILATION_MODE = wholemodule;
				SWIFT_OPTIMIZATION_LEVEL = "-O";
				VALIDATE_PRODUCT = YES;
			};
			name = Release;
		};
		A061F17D2A994125002BC536 /* Debug */ = {
			isa = XCBuildConfiguration;
			buildSettings = {
				ASSETCATALOG_COMPILER_APPICON_NAME = AppIcon;
				ASSETCATALOG_COMPILER_GLOBAL_ACCENT_COLOR_NAME = AccentColor;
				CODE_SIGN_STYLE = Automatic;
				CURRENT_PROJECT_VERSION = 1;
				DEVELOPMENT_ASSET_PATHS = "\"MindTrack/Preview Content\"";
				DEVELOPMENT_TEAM = 3R26YF88H9;
				ENABLE_PREVIEWS = YES;
				GENERATE_INFOPLIST_FILE = YES;
				INFOPLIST_KEY_UIApplicationSceneManifest_Generation = YES;
				INFOPLIST_KEY_UIApplicationSupportsIndirectInputEvents = YES;
				INFOPLIST_KEY_UILaunchScreen_Generation = YES;
				INFOPLIST_KEY_UISupportedInterfaceOrientations_iPad = "UIInterfaceOrientationPortrait UIInterfaceOrientationPortraitUpsideDown UIInterfaceOrientationLandscapeLeft UIInterfaceOrientationLandscapeRight";
				INFOPLIST_KEY_UISupportedInterfaceOrientations_iPhone = "UIInterfaceOrientationPortrait UIInterfaceOrientationLandscapeLeft UIInterfaceOrientationLandscapeRight";
				LD_RUNPATH_SEARCH_PATHS = (
					"$(inherited)",
					"@executable_path/Frameworks",
				);
				MARKETING_VERSION = 1.0;
				PRODUCT_BUNDLE_IDENTIFIER = lemur.MindTrack;
				PRODUCT_NAME = "$(TARGET_NAME)";
				SWIFT_EMIT_LOC_STRINGS = YES;
				SWIFT_VERSION = 5.0;
				TARGETED_DEVICE_FAMILY = "1,2";
			};
			name = Debug;
		};
		A061F17E2A994125002BC536 /* Release */ = {
			isa = XCBuildConfiguration;
			buildSettings = {
				ASSETCATALOG_COMPILER_APPICON_NAME = AppIcon;
				ASSETCATALOG_COMPILER_GLOBAL_ACCENT_COLOR_NAME = AccentColor;
				CODE_SIGN_STYLE = Automatic;
				CURRENT_PROJECT_VERSION = 1;
				DEVELOPMENT_ASSET_PATHS = "\"MindTrack/Preview Content\"";
				DEVELOPMENT_TEAM = 3R26YF88H9;
				ENABLE_PREVIEWS = YES;
				GENERATE_INFOPLIST_FILE = YES;
				INFOPLIST_KEY_UIApplicationSceneManifest_Generation = YES;
				INFOPLIST_KEY_UIApplicationSupportsIndirectInputEvents = YES;
				INFOPLIST_KEY_UILaunchScreen_Generation = YES;
				INFOPLIST_KEY_UISupportedInterfaceOrientations_iPad = "UIInterfaceOrientationPortrait UIInterfaceOrientationPortraitUpsideDown UIInterfaceOrientationLandscapeLeft UIInterfaceOrientationLandscapeRight";
				INFOPLIST_KEY_UISupportedInterfaceOrientations_iPhone = "UIInterfaceOrientationPortrait UIInterfaceOrientationLandscapeLeft UIInterfaceOrientationLandscapeRight";
				LD_RUNPATH_SEARCH_PATHS = (
					"$(inherited)",
					"@executable_path/Frameworks",
				);
				MARKETING_VERSION = 1.0;
				PRODUCT_BUNDLE_IDENTIFIER = lemur.MindTrack;
				PRODUCT_NAME = "$(TARGET_NAME)";
				SWIFT_EMIT_LOC_STRINGS = YES;
				SWIFT_VERSION = 5.0;
				TARGETED_DEVICE_FAMILY = "1,2";
			};
			name = Release;
		};
		A061F1802A994125002BC536 /* Debug */ = {
			isa = XCBuildConfiguration;
			buildSettings = {
				ALWAYS_EMBED_SWIFT_STANDARD_LIBRARIES = YES;
				BUNDLE_LOADER = "$(TEST_HOST)";
				CODE_SIGN_STYLE = Automatic;
				CURRENT_PROJECT_VERSION = 1;
				DEVELOPMENT_TEAM = 3R26YF88H9;
				GENERATE_INFOPLIST_FILE = YES;
				IPHONEOS_DEPLOYMENT_TARGET = 16.4;
				MARKETING_VERSION = 1.0;
				PRODUCT_BUNDLE_IDENTIFIER = lemur.MindTrackTests;
				PRODUCT_NAME = "$(TARGET_NAME)";
				SWIFT_EMIT_LOC_STRINGS = NO;
				SWIFT_VERSION = 5.0;
				TARGETED_DEVICE_FAMILY = "1,2";
				TEST_HOST = "$(BUILT_PRODUCTS_DIR)/MindTrack.app/$(BUNDLE_EXECUTABLE_FOLDER_PATH)/MindTrack";
			};
			name = Debug;
		};
		A061F1812A994125002BC536 /* Release */ = {
			isa = XCBuildConfiguration;
			buildSettings = {
				ALWAYS_EMBED_SWIFT_STANDARD_LIBRARIES = YES;
				BUNDLE_LOADER = "$(TEST_HOST)";
				CODE_SIGN_STYLE = Automatic;
				CURRENT_PROJECT_VERSION = 1;
				DEVELOPMENT_TEAM = 3R26YF88H9;
				GENERATE_INFOPLIST_FILE = YES;
				IPHONEOS_DEPLOYMENT_TARGET = 16.4;
				MARKETING_VERSION = 1.0;
				PRODUCT_BUNDLE_IDENTIFIER = lemur.MindTrackTests;
				PRODUCT_NAME = "$(TARGET_NAME)";
				SWIFT_EMIT_LOC_STRINGS = NO;
				SWIFT_VERSION = 5.0;
				TARGETED_DEVICE_FAMILY = "1,2";
				TEST_HOST = "$(BUILT_PRODUCTS_DIR)/MindTrack.app/$(BUNDLE_EXECUTABLE_FOLDER_PATH)/MindTrack";
			};
			name = Release;
		};
		A061F1832A994125002BC536 /* Debug */ = {
			isa = XCBuildConfiguration;
			buildSettings = {
				ALWAYS_EMBED_SWIFT_STANDARD_LIBRARIES = YES;
				CODE_SIGN_STYLE = Automatic;
				CURRENT_PROJECT_VERSION = 1;
				DEVELOPMENT_TEAM = 3R26YF88H9;
				GENERATE_INFOPLIST_FILE = YES;
				MARKETING_VERSION = 1.0;
				PRODUCT_BUNDLE_IDENTIFIER = lemur.MindTrackUITests;
				PRODUCT_NAME = "$(TARGET_NAME)";
				SWIFT_EMIT_LOC_STRINGS = NO;
				SWIFT_VERSION = 5.0;
				TARGETED_DEVICE_FAMILY = "1,2";
				TEST_TARGET_NAME = MindTrack;
			};
			name = Debug;
		};
		A061F1842A994125002BC536 /* Release */ = {
			isa = XCBuildConfiguration;
			buildSettings = {
				ALWAYS_EMBED_SWIFT_STANDARD_LIBRARIES = YES;
				CODE_SIGN_STYLE = Automatic;
				CURRENT_PROJECT_VERSION = 1;
				DEVELOPMENT_TEAM = 3R26YF88H9;
				GENERATE_INFOPLIST_FILE = YES;
				MARKETING_VERSION = 1.0;
				PRODUCT_BUNDLE_IDENTIFIER = lemur.MindTrackUITests;
				PRODUCT_NAME = "$(TARGET_NAME)";
				SWIFT_EMIT_LOC_STRINGS = NO;
				SWIFT_VERSION = 5.0;
				TARGETED_DEVICE_FAMILY = "1,2";
				TEST_TARGET_NAME = MindTrack;
			};
			name = Release;
		};
/* End XCBuildConfiguration section */

/* Begin XCConfigurationList section */
		A061F1532A994124002BC536 /* Build configuration list for PBXProject "MindTrack" */ = {
			isa = XCConfigurationList;
			buildConfigurations = (
				A061F17A2A994125002BC536 /* Debug */,
				A061F17B2A994125002BC536 /* Release */,
			);
			defaultConfigurationIsVisible = 0;
			defaultConfigurationName = Release;
		};
		A061F17C2A994125002BC536 /* Build configuration list for PBXNativeTarget "MindTrack" */ = {
			isa = XCConfigurationList;
			buildConfigurations = (
				A061F17D2A994125002BC536 /* Debug */,
				A061F17E2A994125002BC536 /* Release */,
			);
			defaultConfigurationIsVisible = 0;
			defaultConfigurationName = Release;
		};
		A061F17F2A994125002BC536 /* Build configuration list for PBXNativeTarget "MindTrackTests" */ = {
			isa = XCConfigurationList;
			buildConfigurations = (
				A061F1802A994125002BC536 /* Debug */,
				A061F1812A994125002BC536 /* Release */,
			);
			defaultConfigurationIsVisible = 0;
			defaultConfigurationName = Release;
		};
		A061F1822A994125002BC536 /* Build configuration list for PBXNativeTarget "MindTrackUITests" */ = {
			isa = XCConfigurationList;
			buildConfigurations = (
				A061F1832A994125002BC536 /* Debug */,
				A061F1842A994125002BC536 /* Release */,
			);
			defaultConfigurationIsVisible = 0;
			defaultConfigurationName = Release;
		};
/* End XCConfigurationList section */
	};
	rootObject = A061F1502A994124002BC536 /* Project object */;
}
